
Microsoft Visual Studio Solution File, Format Version 12.00
# Visual Studio Version 17
VisualStudioVersion = 17.10.35027.167
MinimumVisualStudioVersion = 10.0.40219.1
Project("{FAE04EC0-301F-11D3-BF4B-00C04F79EFBC}") = "projeto_combobox", "projeto_combobox\projeto_combobox.csproj", "{1D4287EA-24BE-46DD-A6ED-50783EF35E41}"
EndProject
Global
	GlobalSection(SolutionConfigurationPlatforms) = preSolution
		Debug|Any CPU = Debug|Any CPU
		Release|Any CPU = Release|Any CPU
	EndGlobalSection
	GlobalSection(ProjectConfigurationPlatforms) = postSolution
		{1D4287EA-24BE-46DD-A6ED-50783EF35E41}.Debug|Any CPU.ActiveCfg = Debug|Any CPU
		{1D4287EA-24BE-46DD-A6ED-50783EF35E41}.Debug|Any CPU.Build.0 = Debug|Any CPU
		{1D4287EA-24BE-46DD-A6ED-50783EF35E41}.Release|Any CPU.ActiveCfg = Release|Any CPU
		{1D4287EA-24BE-46DD-A6ED-50783EF35E41}.Release|Any CPU.Build.0 = Release|Any CPU
	EndGlobalSection
	GlobalSection(SolutionProperties) = preSolution
		HideSolutionNode = FALSE
	EndGlobalSection
	GlobalSection(ExtensibilityGlobals) = postSolution
		SolutionGuid = {73CB198D-7B7D-48F3-9999-560A2223ADF4}
	EndGlobalSection
EndGlobal
